%{"cowboy": {:git, "git://github.com/extend/cowboy.git", "b57f94661f5fd186f55eb0fead49849e0b1399d1", []},
  "cowlib": {:git, "git://github.com/ninenines/cowlib.git", "d544a494af4dbc810fc9c15eaf5cc050cced1501", [ref: "1.0.0"]},
  "decimal": {:package, "0.2.4"},
  "dynamo": {:git, "git://github.com/elixir-lang/dynamo.git", "162444c02fcf7d8aa1c65dcd36d02fd2e2450a24", []},
  "ecto": {:package, "0.2.3"},
  "elixir_talk": {:git, "git://github.com/jsvisa/elixir_talk.git", "f39f3c12d4a11008b0a0031d307b6159bad37368", []},
  "ex_conf": {:package, "0.1.2"},
  "exec": {:git, "git://github.com/saleyn/erlexec.git", "a84d95f46422163c24ffef7a123efe9b15d56253", [ref: "a84d95f46422163c24ffef7a123efe9b15d56253"]},
  "gpb": {:git, "git://github.com/tomas-abrahamsson/gpb.git", "eb09f71094e092152af2bbce2b3e2f16e15c6b4c", []},
  "hackney": {:package, "0.13.1"},
  "httpoison": {:package, "0.4.2"},
  "idna": {:package, "1.0.1"},
  "inflex": {:package, "0.2.4"},
  "jazz": {:package, "0.2.0"},
  "jsex": {:git, "git://github.com/talentdeficit/jsex.git", "661ce8565aaea22aa3576d4ad5e9d11065fe60f9", []},
  "jsx": {:package, "2.0.4"},
  "linguist": {:package, "0.1.1"},
  "meck": {:git, "git://github.com/basho/meck.git", "d4730c6d47e437b1dcd170551506e7b10596cd5a", [tag: "0.8.1p1"]},
  "mimetypes": {:git, "git://github.com/spawngrid/mimetypes.git", "47d37a977a7d633199822bf6b08353007483d00f", []},
  "phoenix": {:git, "git://github.com/phoenixframework/phoenix.git", "1221ce029998502777efa57143f4511011656729", [ref: "master"]},
  "plug": {:package, "0.5.3"},
  "poolboy": {:package, "1.2.1"},
  "postgrex": {:package, "0.5.5"},
  "protobuf": {:git, "git://github.com/azukiapp/elixir-protobuf.git", "88171f9cacfb5e5e94b48151784bf68b9d2023f9", [tag: "v0.0.3"]},
  "protobuffs": {:git, "git://github.com/basho/erlang_protobuffs.git", "5257dfe4e000b58487af89b849c7336ffa9bae82", [tag: "0.8.1p4"]},
  "ranch": {:git, "git://github.com/ninenines/ranch.git", "adf1822defc2b7cfdc7aca112adabfa1d614043c", [ref: "1.0.0"]},
  "riak-elixir-client": {:git, "git://github.com/drewkerrigan/riak-elixir-client.git", "3d2e983713e991f9aebcd4971d7264ee97ae8206", []},
  "riak_pb": {:git, "git://github.com/basho/riak_pb", "fc18a9b37170431f659e08d66ed78e3f6bbc47ca", [tag: "2.0.0.16"]},
  "riakc": {:git, "git://github.com/basho/riak-erlang-client.git", "6771318208acc9afc61a918194dcd450e5e8cc7d", []},
  "yamerl": {:git, "git://github.com/yakaz/yamerl.git", "a974d31325106fb4e8423e1af43e1dd9018d1218", []}}
