%{"cowboy": {:git, "git://github.com/extend/cowboy.git", "73f65d5a757dacf952887a32bc611be78773c33f", []},
  "cowlib": {:git, "git://github.com/extend/cowlib.git", "e2ffefe828b918486e2cd76e44c54ae9b62c616e", [ref: "0.6.2"]},
  "dynamo": {:git, "git://github.com/elixir-lang/dynamo.git", "162444c02fcf7d8aa1c65dcd36d02fd2e2450a24", []},
  "ecto": {:git, "git://github.com/elixir-lang/ecto.git", "1d6f70467b80e6fecf2ab4178902394252086a70", []},
  "exec": {:git, "git://github.com/saleyn/erlexec.git", "a84d95f46422163c24ffef7a123efe9b15d56253", [ref: "a84d95f46422163c24ffef7a123efe9b15d56253"]},
  "gpb": {:git, "git://github.com/tomas-abrahamsson/gpb.git", "eb09f71094e092152af2bbce2b3e2f16e15c6b4c", []},
  "hackney": {:git, "git://github.com/benoitc/hackney.git", "5b0f7eb949ebebd6fabfbc4e08a7b7231850606a", []},
  "jsex": {:git, "git://github.com/talentdeficit/jsex.git", "22d1348180f3ade03fe8f00be6084da9a1f673d3", []},
  "jsx": {:package, "2.0.4"},
  "mimetypes": {:git, "git://github.com/spawngrid/mimetypes.git", "47d37a977a7d633199822bf6b08353007483d00f", []},
  "poolboy": {:git, "git://github.com/devinus/poolboy.git", "c2c939b51aba06790ca51fa78b14c254a6ea977d", []},
  "postgrex": {:git, "git://github.com/ericmj/postgrex.git", "c4cc2dd050cab1af2597b5192bc629d4ab91ba98", []},
  "protobuf": {:git, "git://github.com/azukiapp/elixir-protobuf.git", "88171f9cacfb5e5e94b48151784bf68b9d2023f9", [tag: "v0.0.3"]},
  "ranch": {:git, "git://github.com/extend/ranch.git", "3189ef2d47843945efc96c224963380462c33d40", [ref: "0.10.0"]},
  }
